{
  "name": "satchel",
  "lockfileVersion": 3,
  "requires": true,
  "packages": {
    "": {
      "dependencies": {
        "@webgpu/types": "^0.1.45"
      },
      "devDependencies": {
        "typescript": "^5.6.2"
      }
    },
    "node_modules/@webgpu/types": {
      "version": "0.1.45",
      "resolved": "https://registry.npmjs.org/@webgpu/types/-/types-0.1.45.tgz",
      "integrity": "sha512-0TBBF/mhakJoK0qUWCZugBnh23x+VwmYA5RLmtNQwvZt1pQ4P2fzIvQUiSe6jxzkBi4GF8R4BejJjro0ZSoSXQ==",
      "license": "BSD-3-Clause"
    },
    "node_modules/typescript": {
      "version": "5.6.2",
      "resolved": "https://registry.npmjs.org/typescript/-/typescript-5.6.2.tgz",
      "integrity": "sha512-NW8ByodCSNCwZeghjN3o+JX5OFH0Ojg6sadjEKY4huZ52TqbJTJnDo5+Tw98lSy63NZvi4n+ez5m2u5d4PkZyw==",
      "dev": true,
      "license": "Apache-2.0",
      "bin": {
        "tsc": "bin/tsc",
        "tsserver": "bin/tsserver"
      },
      "engines": {
        "node": ">=14.17"
      }
    }
  }
}
